
Microsoft Visual Studio Solution File, Format Version 12.00
# Visual Studio 2015
Project("{FAE04EC0-301F-11D3-BF4B-00C04F79EFBC}") = "Assembly-CSharp", "Assembly-CSharp.csproj", "{DE975963-B0DD-12E9-B301-37B923C7A15D}"
EndProject
Project("{FAE04EC0-301F-11D3-BF4B-00C04F79EFBC}") = "Assembly-CSharp-firstpass", "Assembly-CSharp-firstpass.csproj", "{D1069828-0A78-C931-7B76-02526ACB65C4}"
EndProject
Project("{FAE04EC0-301F-11D3-BF4B-00C04F79EFBC}") = "Assembly-CSharp-Editor-firstpass", "Assembly-CSharp-Editor-firstpass.csproj", "{9C9A52C7-49BB-5A6A-DA0F-BE8579C81660}"
EndProject
Global
	GlobalSection(SolutionConfigurationPlatforms) = preSolution
		Debug|Any CPU = Debug|Any CPU
		Release|Any CPU = Release|Any CPU
	EndGlobalSection
	GlobalSection(ProjectConfigurationPlatforms) = postSolution
		{DE975963-B0DD-12E9-B301-37B923C7A15D}.Debug|Any CPU.ActiveCfg = Debug|Any CPU
		{DE975963-B0DD-12E9-B301-37B923C7A15D}.Debug|Any CPU.Build.0 = Debug|Any CPU
		{DE975963-B0DD-12E9-B301-37B923C7A15D}.Release|Any CPU.ActiveCfg = Release|Any CPU
		{DE975963-B0DD-12E9-B301-37B923C7A15D}.Release|Any CPU.Build.0 = Release|Any CPU
		{D1069828-0A78-C931-7B76-02526ACB65C4}.Debug|Any CPU.ActiveCfg = Debug|Any CPU
		{D1069828-0A78-C931-7B76-02526ACB65C4}.Debug|Any CPU.Build.0 = Debug|Any CPU
		{D1069828-0A78-C931-7B76-02526ACB65C4}.Release|Any CPU.ActiveCfg = Release|Any CPU
		{D1069828-0A78-C931-7B76-02526ACB65C4}.Release|Any CPU.Build.0 = Release|Any CPU
		{9C9A52C7-49BB-5A6A-DA0F-BE8579C81660}.Debug|Any CPU.ActiveCfg = Debug|Any CPU
		{9C9A52C7-49BB-5A6A-DA0F-BE8579C81660}.Debug|Any CPU.Build.0 = Debug|Any CPU
		{9C9A52C7-49BB-5A6A-DA0F-BE8579C81660}.Release|Any CPU.ActiveCfg = Release|Any CPU
		{9C9A52C7-49BB-5A6A-DA0F-BE8579C81660}.Release|Any CPU.Build.0 = Release|Any CPU
	EndGlobalSection
	GlobalSection(SolutionProperties) = preSolution
		HideSolutionNode = FALSE
	EndGlobalSection
EndGlobal
